
Microsoft Visual Studio Solution File, Format Version 12.00
# Visual Studio 15
VisualStudioVersion = 15.0.27004.2008
MinimumVisualStudioVersion = 10.0.40219.1
Project("{9A19103F-16F7-4668-BE54-9A1E7A4F7556}") = "GAM", "GAM\GAM.csproj", "{516C4982-D172-42C4-8D78-9B2BA55299C7}"
EndProject
Project("{9A19103F-16F7-4668-BE54-9A1E7A4F7556}") = "iAnalysis", "iAnalysis\iAnalysis.csproj", "{E9A28CB1-58CF-4793-8C79-6D6A4A9E8766}"
EndProject
Project("{9A19103F-16F7-4668-BE54-9A1E7A4F7556}") = "GamTests", "GamTests\GamTests.csproj", "{F0D6A8C4-6AEB-4528-B031-A7B422B72410}"
EndProject
Project("{FAE04EC0-301F-11D3-BF4B-00C04F79EFBC}") = "iGAMChatBot", "iGAMChatBot\iGAMChatBot.csproj", "{9BA4A36C-0189-45DA-87C9-298E28CFABC7}"
EndProject
Global
	GlobalSection(SolutionConfigurationPlatforms) = preSolution
		Debug|Any CPU = Debug|Any CPU
		Release|Any CPU = Release|Any CPU
	EndGlobalSection
	GlobalSection(ProjectConfigurationPlatforms) = postSolution
		{516C4982-D172-42C4-8D78-9B2BA55299C7}.Debug|Any CPU.ActiveCfg = Debug|Any CPU
		{516C4982-D172-42C4-8D78-9B2BA55299C7}.Debug|Any CPU.Build.0 = Debug|Any CPU
		{516C4982-D172-42C4-8D78-9B2BA55299C7}.Release|Any CPU.ActiveCfg = Release|Any CPU
		{516C4982-D172-42C4-8D78-9B2BA55299C7}.Release|Any CPU.Build.0 = Release|Any CPU
		{E9A28CB1-58CF-4793-8C79-6D6A4A9E8766}.Debug|Any CPU.ActiveCfg = Debug|Any CPU
		{E9A28CB1-58CF-4793-8C79-6D6A4A9E8766}.Debug|Any CPU.Build.0 = Debug|Any CPU
		{E9A28CB1-58CF-4793-8C79-6D6A4A9E8766}.Release|Any CPU.ActiveCfg = Release|Any CPU
		{E9A28CB1-58CF-4793-8C79-6D6A4A9E8766}.Release|Any CPU.Build.0 = Release|Any CPU
		{F0D6A8C4-6AEB-4528-B031-A7B422B72410}.Debug|Any CPU.ActiveCfg = Debug|Any CPU
		{F0D6A8C4-6AEB-4528-B031-A7B422B72410}.Debug|Any CPU.Build.0 = Debug|Any CPU
		{F0D6A8C4-6AEB-4528-B031-A7B422B72410}.Release|Any CPU.ActiveCfg = Release|Any CPU
		{F0D6A8C4-6AEB-4528-B031-A7B422B72410}.Release|Any CPU.Build.0 = Release|Any CPU
		{9BA4A36C-0189-45DA-87C9-298E28CFABC7}.Debug|Any CPU.ActiveCfg = Debug|Any CPU
		{9BA4A36C-0189-45DA-87C9-298E28CFABC7}.Debug|Any CPU.Build.0 = Debug|Any CPU
		{9BA4A36C-0189-45DA-87C9-298E28CFABC7}.Release|Any CPU.ActiveCfg = Release|Any CPU
		{9BA4A36C-0189-45DA-87C9-298E28CFABC7}.Release|Any CPU.Build.0 = Release|Any CPU
	EndGlobalSection
	GlobalSection(SolutionProperties) = preSolution
		HideSolutionNode = FALSE
	EndGlobalSection
	GlobalSection(ExtensibilityGlobals) = postSolution
		SolutionGuid = {1F992F76-FF50-4475-9696-DB916AE50573}
	EndGlobalSection
EndGlobal
